
Microsoft Visual Studio Solution File, Format Version 12.00
# Visual Studio Version 16
VisualStudioVersion = 16.0.32407.337
MinimumVisualStudioVersion = 10.0.40219.1
Project("{FAE04EC0-301F-11D3-BF4B-00C04F79EFBC}") = "ExercicioAPI", "ExercicioAPI.csproj", "{4B1E2AC2-4239-4201-B4A9-3E22BC4F6C08}"
EndProject
Global
	GlobalSection(SolutionConfigurationPlatforms) = preSolution
		Debug|Any CPU = Debug|Any CPU
		Release|Any CPU = Release|Any CPU
	EndGlobalSection
	GlobalSection(ProjectConfigurationPlatforms) = postSolution
		{4B1E2AC2-4239-4201-B4A9-3E22BC4F6C08}.Debug|Any CPU.ActiveCfg = Debug|Any CPU
		{4B1E2AC2-4239-4201-B4A9-3E22BC4F6C08}.Debug|Any CPU.Build.0 = Debug|Any CPU
		{4B1E2AC2-4239-4201-B4A9-3E22BC4F6C08}.Release|Any CPU.ActiveCfg = Release|Any CPU
		{4B1E2AC2-4239-4201-B4A9-3E22BC4F6C08}.Release|Any CPU.Build.0 = Release|Any CPU
	EndGlobalSection
	GlobalSection(SolutionProperties) = preSolution
		HideSolutionNode = FALSE
	EndGlobalSection
	GlobalSection(ExtensibilityGlobals) = postSolution
		SolutionGuid = {B316AFE9-2051-473C-B935-898822B15E79}
	EndGlobalSection
EndGlobal
